
Microsoft Visual Studio Solution File, Format Version 12.00
# Visual Studio Version 16
VisualStudioVersion = 16.0.29418.71
MinimumVisualStudioVersion = 10.0.40219.1
Project("{FAE04EC0-301F-11D3-BF4B-00C04F79EFBC}") = "RFToolkits", "rftoolkits\RFToolkits.csproj", "{3AFF5A39-30D6-46D0-BD28-C82DF8184AD0}"
EndProject
Project("{FAE04EC0-301F-11D3-BF4B-00C04F79EFBC}") = "ModularInstruments", "modinst\ModularInstruments.csproj", "{6D31E490-D6BC-4FEF-8CC1-50FEC66FCE15}"
EndProject
Global
	GlobalSection(SolutionConfigurationPlatforms) = preSolution
		Debug|Any CPU = Debug|Any CPU
		Release|Any CPU = Release|Any CPU
	EndGlobalSection
	GlobalSection(ProjectConfigurationPlatforms) = postSolution
		{3AFF5A39-30D6-46D0-BD28-C82DF8184AD0}.Debug|Any CPU.ActiveCfg = Debug|Any CPU
		{3AFF5A39-30D6-46D0-BD28-C82DF8184AD0}.Debug|Any CPU.Build.0 = Debug|Any CPU
		{3AFF5A39-30D6-46D0-BD28-C82DF8184AD0}.Release|Any CPU.ActiveCfg = Release|Any CPU
		{3AFF5A39-30D6-46D0-BD28-C82DF8184AD0}.Release|Any CPU.Build.0 = Release|Any CPU
		{6D31E490-D6BC-4FEF-8CC1-50FEC66FCE15}.Debug|Any CPU.ActiveCfg = Debug|Any CPU
		{6D31E490-D6BC-4FEF-8CC1-50FEC66FCE15}.Debug|Any CPU.Build.0 = Debug|Any CPU
		{6D31E490-D6BC-4FEF-8CC1-50FEC66FCE15}.Release|Any CPU.ActiveCfg = Release|Any CPU
		{6D31E490-D6BC-4FEF-8CC1-50FEC66FCE15}.Release|Any CPU.Build.0 = Release|Any CPU
	EndGlobalSection
	GlobalSection(SolutionProperties) = preSolution
		HideSolutionNode = FALSE
	EndGlobalSection
	GlobalSection(ExtensibilityGlobals) = postSolution
		SolutionGuid = {0CA19562-DD63-4FDB-86C6-860A57919E5B}
	EndGlobalSection
EndGlobal
